// !$*UTF8*$!
{
	archiveVersion = 1;
	classes = {
	};
	objectVersion = 56;
	objects = {

/* Begin PBXBuildFile section */
		8B4457F52B4DDBD500AF967D /* First_IOS_ProjectApp.swift in Sources */ = {isa = PBXBuildFile; fileRef = 8B4457F42B4DDBD500AF967D /* First_IOS_ProjectApp.swift */; };
		8B4457F72B4DDBD500AF967D /* ContentView.swift in Sources */ = {isa = PBXBuildFile; fileRef = 8B4457F62B4DDBD500AF967D /* ContentView.swift */; };
		8B4457F92B4DDBD600AF967D /* Assets.xcassets in Resources */ = {isa = PBXBuildFile; fileRef = 8B4457F82B4DDBD600AF967D /* Assets.xcassets */; };
		8B4457FD2B4DDBD600AF967D /* Preview Assets.xcassets in Resources */ = {isa = PBXBuildFile; fileRef = 8B4457FC2B4DDBD600AF967D /* Preview Assets.xcassets */; };
		8B4458072B4DDBD600AF967D /* First_IOS_ProjectTests.swift in Sources */ = {isa = PBXBuildFile; fileRef = 8B4458062B4DDBD600AF967D /* First_IOS_ProjectTests.swift */; };
		8B4458112B4DDBD600AF967D /* First_IOS_ProjectUITests.swift in Sources */ = {isa = PBXBuildFile; fileRef = 8B4458102B4DDBD600AF967D /* First_IOS_ProjectUITests.swift */; };
		8B4458132B4DDBD600AF967D /* First_IOS_ProjectUITestsLaunchTests.swift in Sources */ = {isa = PBXBuildFile; fileRef = 8B4458122B4DDBD600AF967D /* First_IOS_ProjectUITestsLaunchTests.swift */; };
/* End PBXBuildFile section */

/* Begin PBXContainerItemProxy section */
		8B4458032B4DDBD600AF967D /* PBXContainerItemProxy */ = {
			isa = PBXContainerItemProxy;
			containerPortal = 8B4457E92B4DDBD500AF967D /* Project object */;
			proxyType = 1;
			remoteGlobalIDString = 8B4457F02B4DDBD500AF967D;
			remoteInfo = "First IOS Project";
		};
		8B44580D2B4DDBD600AF967D /* PBXContainerItemProxy */ = {
			isa = PBXContainerItemProxy;
			containerPortal = 8B4457E92B4DDBD500AF967D /* Project object */;
			proxyType = 1;
			remoteGlobalIDString = 8B4457F02B4DDBD500AF967D;
			remoteInfo = "First IOS Project";
		};
/* End PBXContainerItemProxy section */

/* Begin PBXFileReference section */
		8B4457F12B4DDBD500AF967D /* First IOS Project.app */ = {isa = PBXFileReference; explicitFileType = wrapper.application; includeInIndex = 0; path = "First IOS Project.app"; sourceTree = BUILT_PRODUCTS_DIR; };
		8B4457F42B4DDBD500AF967D /* First_IOS_ProjectApp.swift */ = {isa = PBXFileReference; lastKnownFileType = sourcecode.swift; path = First_IOS_ProjectApp.swift; sourceTree = "<group>"; };
		8B4457F62B4DDBD500AF967D /* ContentView.swift */ = {isa = PBXFileReference; lastKnownFileType = sourcecode.swift; path = ContentView.swift; sourceTree = "<group>"; };
		8B4457F82B4DDBD600AF967D /* Assets.xcassets */ = {isa = PBXFileReference; lastKnownFileType = folder.assetcatalog; path = Assets.xcassets; sourceTree = "<group>"; };
		8B4457FA2B4DDBD600AF967D /* First_IOS_Project.entitlements */ = {isa = PBXFileReference; lastKnownFileType = text.plist.entitlements; path = First_IOS_Project.entitlements; sourceTree = "<group>"; };
		8B4457FC2B4DDBD600AF967D /* Preview Assets.xcassets */ = {isa = PBXFileReference; lastKnownFileType = folder.assetcatalog; path = "Preview Assets.xcassets"; sourceTree = "<group>"; };
		8B4458022B4DDBD600AF967D /* First IOS ProjectTests.xctest */ = {isa = PBXFileReference; explicitFileType = wrapper.cfbundle; includeInIndex = 0; path = "First IOS ProjectTests.xctest"; sourceTree = BUILT_PRODUCTS_DIR; };
		8B4458062B4DDBD600AF967D /* First_IOS_ProjectTests.swift */ = {isa = PBXFileReference; lastKnownFileType = sourcecode.swift; path = First_IOS_ProjectTests.swift; sourceTree = "<group>"; };
		8B44580C2B4DDBD600AF967D /* First IOS ProjectUITests.xctest */ = {isa = PBXFileReference; explicitFileType = wrapper.cfbundle; includeInIndex = 0; path = "First IOS ProjectUITests.xctest"; sourceTree = BUILT_PRODUCTS_DIR; };
		8B4458102B4DDBD600AF967D /* First_IOS_ProjectUITests.swift */ = {isa = PBXFileReference; lastKnownFileType = sourcecode.swift; path = First_IOS_ProjectUITests.swift; sourceTree = "<group>"; };
		8B4458122B4DDBD600AF967D /* First_IOS_ProjectUITestsLaunchTests.swift */ = {isa = PBXFileReference; lastKnownFileType = sourcecode.swift; path = First_IOS_ProjectUITestsLaunchTests.swift; sourceTree = "<group>"; };
/* End PBXFileReference section */

/* Begin PBXFrameworksBuildPhase section */
		8B4457EE2B4DDBD500AF967D /* Frameworks */ = {
			isa = PBXFrameworksBuildPhase;
			buildActionMask = 2147483647;
			files = (
			);
			runOnlyForDeploymentPostprocessing = 0;
		};
		8B4457FF2B4DDBD600AF967D /* Frameworks */ = {
			isa = PBXFrameworksBuildPhase;
			buildActionMask = 2147483647;
			files = (
			);
			runOnlyForDeploymentPostprocessing = 0;
		};
		8B4458092B4DDBD600AF967D /* Frameworks */ = {
			isa = PBXFrameworksBuildPhase;
			buildActionMask = 2147483647;
			files = (
			);
			runOnlyForDeploymentPostprocessing = 0;
		};
/* End PBXFrameworksBuildPhase section */

/* Begin PBXGroup section */
		8B4457E82B4DDBD500AF967D = {
			isa = PBXGroup;
			children = (
				8B4457F32B4DDBD500AF967D /* First IOS Project */,
				8B4458052B4DDBD600AF967D /* First IOS ProjectTests */,
				8B44580F2B4DDBD600AF967D /* First IOS ProjectUITests */,
				8B4457F22B4DDBD500AF967D /* Products */,
			);
			sourceTree = "<group>";
		};
		8B4457F22B4DDBD500AF967D /* Products */ = {
			isa = PBXGroup;
			children = (
				8B4457F12B4DDBD500AF967D /* First IOS Project.app */,
				8B4458022B4DDBD600AF967D /* First IOS ProjectTests.xctest */,
				8B44580C2B4DDBD600AF967D /* First IOS ProjectUITests.xctest */,
			);
			name = Products;
			sourceTree = "<group>";
		};
		8B4457F32B4DDBD500AF967D /* First IOS Project */ = {
			isa = PBXGroup;
			children = (
				8B4457F42B4DDBD500AF967D /* First_IOS_ProjectApp.swift */,
				8B4457F62B4DDBD500AF967D /* ContentView.swift */,
				8B4457F82B4DDBD600AF967D /* Assets.xcassets */,
				8B4457FA2B4DDBD600AF967D /* First_IOS_Project.entitlements */,
				8B4457FB2B4DDBD600AF967D /* Preview Content */,
			);
			path = "First IOS Project";
			sourceTree = "<group>";
		};
		8B4457FB2B4DDBD600AF967D /* Preview Content */ = {
			isa = PBXGroup;
			children = (
				8B4457FC2B4DDBD600AF967D /* Preview Assets.xcassets */,
			);
			path = "Preview Content";
			sourceTree = "<group>";
		};
		8B4458052B4DDBD600AF967D /* First IOS ProjectTests */ = {
			isa = PBXGroup;
			children = (
				8B4458062B4DDBD600AF967D /* First_IOS_ProjectTests.swift */,
			);
			path = "First IOS ProjectTests";
			sourceTree = "<group>";
		};
		8B44580F2B4DDBD600AF967D /* First IOS ProjectUITests */ = {
			isa = PBXGroup;
			children = (
				8B4458102B4DDBD600AF967D /* First_IOS_ProjectUITests.swift */,
				8B4458122B4DDBD600AF967D /* First_IOS_ProjectUITestsLaunchTests.swift */,
			);
			path = "First IOS ProjectUITests";
			sourceTree = "<group>";
		};
/* End PBXGroup section */

/* Begin PBXNativeTarget section */
		8B4457F02B4DDBD500AF967D /* First IOS Project */ = {
			isa = PBXNativeTarget;
			buildConfigurationList = 8B4458162B4DDBD600AF967D /* Build configuration list for PBXNativeTarget "First IOS Project" */;
			buildPhases = (
				8B4457ED2B4DDBD500AF967D /* Sources */,
				8B4457EE2B4DDBD500AF967D /* Frameworks */,
				8B4457EF2B4DDBD500AF967D /* Resources */,
			);
			buildRules = (
			);
			dependencies = (
			);
			name = "First IOS Project";
			productName = "First IOS Project";
			productReference = 8B4457F12B4DDBD500AF967D /* First IOS Project.app */;
			productType = "com.apple.product-type.application";
		};
		8B4458012B4DDBD600AF967D /* First IOS ProjectTests */ = {
			isa = PBXNativeTarget;
			buildConfigurationList = 8B4458192B4DDBD600AF967D /* Build configuration list for PBXNativeTarget "First IOS ProjectTests" */;
			buildPhases = (
				8B4457FE2B4DDBD600AF967D /* Sources */,
				8B4457FF2B4DDBD600AF967D /* Frameworks */,
				8B4458002B4DDBD600AF967D /* Resources */,
			);
			buildRules = (
			);
			dependencies = (
				8B4458042B4DDBD600AF967D /* PBXTargetDependency */,
			);
			name = "First IOS ProjectTests";
			productName = "First IOS ProjectTests";
			productReference = 8B4458022B4DDBD600AF967D /* First IOS ProjectTests.xctest */;
			productType = "com.apple.product-type.bundle.unit-test";
		};
		8B44580B2B4DDBD600AF967D /* First IOS ProjectUITests */ = {
			isa = PBXNativeTarget;
			buildConfigurationList = 8B44581C2B4DDBD600AF967D /* Build configuration list for PBXNativeTarget "First IOS ProjectUITests" */;
			buildPhases = (
				8B4458082B4DDBD600AF967D /* Sources */,
				8B4458092B4DDBD600AF967D /* Frameworks */,
				8B44580A2B4DDBD600AF967D /* Resources */,
			);
			buildRules = (
			);
			dependencies = (
				8B44580E2B4DDBD600AF967D /* PBXTargetDependency */,
			);
			name = "First IOS ProjectUITests";
			productName = "First IOS ProjectUITests";
			productReference = 8B44580C2B4DDBD600AF967D /* First IOS ProjectUITests.xctest */;
			productType = "com.apple.product-type.bundle.ui-testing";
		};
/* End PBXNativeTarget section */

/* Begin PBXProject section */
		8B4457E92B4DDBD500AF967D /* Project object */ = {
			isa = PBXProject;
			attributes = {
				BuildIndependentTargetsInParallel = 1;
				LastSwiftUpdateCheck = 1420;
				LastUpgradeCheck = 1420;
				TargetAttributes = {
					8B4457F02B4DDBD500AF967D = {
						CreatedOnToolsVersion = 14.2;
					};
					8B4458012B4DDBD600AF967D = {
						CreatedOnToolsVersion = 14.2;
						TestTargetID = 8B4457F02B4DDBD500AF967D;
					};
					8B44580B2B4DDBD600AF967D = {
						CreatedOnToolsVersion = 14.2;
						TestTargetID = 8B4457F02B4DDBD500AF967D;
					};
				};
			};
			buildConfigurationList = 8B4457EC2B4DDBD500AF967D /* Build configuration list for PBXProject "First IOS Project" */;
			compatibilityVersion = "Xcode 14.0";
			developmentRegion = en;
			hasScannedForEncodings = 0;
			knownRegions = (
				en,
				Base,
			);
			mainGroup = 8B4457E82B4DDBD500AF967D;
			productRefGroup = 8B4457F22B4DDBD500AF967D /* Products */;
			projectDirPath = "";
			projectRoot = "";
			targets = (
				8B4457F02B4DDBD500AF967D /* First IOS Project */,
				8B4458012B4DDBD600AF967D /* First IOS ProjectTests */,
				8B44580B2B4DDBD600AF967D /* First IOS ProjectUITests */,
			);
		};
/* End PBXProject section */

/* Begin PBXResourcesBuildPhase section */
		8B4457EF2B4DDBD500AF967D /* Resources */ = {
			isa = PBXResourcesBuildPhase;
			buildActionMask = 2147483647;
			files = (
				8B4457FD2B4DDBD600AF967D /* Preview Assets.xcassets in Resources */,
				8B4457F92B4DDBD600AF967D /* Assets.xcassets in Resources */,
			);
			runOnlyForDeploymentPostprocessing = 0;
		};
		8B4458002B4DDBD600AF967D /* Resources */ = {
			isa = PBXResourcesBuildPhase;
			buildActionMask = 2147483647;
			files = (
			);
			runOnlyForDeploymentPostprocessing = 0;
		};
		8B44580A2B4DDBD600AF967D /* Resources */ = {
			isa = PBXResourcesBuildPhase;
			buildActionMask = 2147483647;
			files = (
			);
			runOnlyForDeploymentPostprocessing = 0;
		};
/* End PBXResourcesBuildPhase section */

/* Begin PBXSourcesBuildPhase section */
		8B4457ED2B4DDBD500AF967D /* Sources */ = {
			isa = PBXSourcesBuildPhase;
			buildActionMask = 2147483647;
			files = (
				8B4457F72B4DDBD500AF967D /* ContentView.swift in Sources */,
				8B4457F52B4DDBD500AF967D /* First_IOS_ProjectApp.swift in Sources */,
			);
			runOnlyForDeploymentPostprocessing = 0;
		};
		8B4457FE2B4DDBD600AF967D /* Sources */ = {
			isa = PBXSourcesBuildPhase;
			buildActionMask = 2147483647;
			files = (
				8B4458072B4DDBD600AF967D /* First_IOS_ProjectTests.swift in Sources */,
			);
			runOnlyForDeploymentPostprocessing = 0;
		};
		8B4458082B4DDBD600AF967D /* Sources */ = {
			isa = PBXSourcesBuildPhase;
			buildActionMask = 2147483647;
			files = (
				8B4458112B4DDBD600AF967D /* First_IOS_ProjectUITests.swift in Sources */,
				8B4458132B4DDBD600AF967D /* First_IOS_ProjectUITestsLaunchTests.swift in Sources */,
			);
			runOnlyForDeploymentPostprocessing = 0;
		};
/* End PBXSourcesBuildPhase section */

/* Begin PBXTargetDependency section */
		8B4458042B4DDBD600AF967D /* PBXTargetDependency */ = {
			isa = PBXTargetDependency;
			target = 8B4457F02B4DDBD500AF967D /* First IOS Project */;
			targetProxy = 8B4458032B4DDBD600AF967D /* PBXContainerItemProxy */;
		};
		8B44580E2B4DDBD600AF967D /* PBXTargetDependency */ = {
			isa = PBXTargetDependency;
			target = 8B4457F02B4DDBD500AF967D /* First IOS Project */;
			targetProxy = 8B44580D2B4DDBD600AF967D /* PBXContainerItemProxy */;
		};
/* End PBXTargetDependency section */

/* Begin XCBuildConfiguration section */
		8B4458142B4DDBD600AF967D /* Debug */ = {
			isa = XCBuildConfiguration;
			buildSettings = {
				ALWAYS_SEARCH_USER_PATHS = NO;
				CLANG_ANALYZER_NONNULL = YES;
				CLANG_ANALYZER_NUMBER_OBJECT_CONVERSION = YES_AGGRESSIVE;
				CLANG_CXX_LANGUAGE_STANDARD = "gnu++20";
				CLANG_ENABLE_MODULES = YES;
				CLANG_ENABLE_OBJC_ARC = YES;
				CLANG_ENABLE_OBJC_WEAK = YES;
				CLANG_WARN_BLOCK_CAPTURE_AUTORELEASING = YES;
				CLANG_WARN_BOOL_CONVERSION = YES;
				CLANG_WARN_COMMA = YES;
				CLANG_WARN_CONSTANT_CONVERSION = YES;
				CLANG_WARN_DEPRECATED_OBJC_IMPLEMENTATIONS = YES;
				CLANG_WARN_DIRECT_OBJC_ISA_USAGE = YES_ERROR;
				CLANG_WARN_DOCUMENTATION_COMMENTS = YES;
				CLANG_WARN_EMPTY_BODY = YES;
				CLANG_WARN_ENUM_CONVERSION = YES;
				CLANG_WARN_INFINITE_RECURSION = YES;
				CLANG_WARN_INT_CONVERSION = YES;
				CLANG_WARN_NON_LITERAL_NULL_CONVERSION = YES;
				CLANG_WARN_OBJC_IMPLICIT_RETAIN_SELF = YES;
				CLANG_WARN_OBJC_LITERAL_CONVERSION = YES;
				CLANG_WARN_OBJC_ROOT_CLASS = YES_ERROR;
				CLANG_WARN_QUOTED_INCLUDE_IN_FRAMEWORK_HEADER = YES;
				CLANG_WARN_RANGE_LOOP_ANALYSIS = YES;
				CLANG_WARN_STRICT_PROTOTYPES = YES;
				CLANG_WARN_SUSPICIOUS_MOVE = YES;
				CLANG_WARN_UNGUARDED_AVAILABILITY = YES_AGGRESSIVE;
				CLANG_WARN_UNREACHABLE_CODE = YES;
				CLANG_WARN__DUPLICATE_METHOD_MATCH = YES;
				COPY_PHASE_STRIP = NO;
				DEBUG_INFORMATION_FORMAT = dwarf;
				ENABLE_STRICT_OBJC_MSGSEND = YES;
				ENABLE_TESTABILITY = YES;
				GCC_C_LANGUAGE_STANDARD = gnu11;
				GCC_DYNAMIC_NO_PIC = NO;
				GCC_NO_COMMON_BLOCKS = YES;
				GCC_OPTIMIZATION_LEVEL = 0;
				GCC_PREPROCESSOR_DEFINITIONS = (
					"DEBUG=1",
					"$(inherited)",
				);
				GCC_WARN_64_TO_32_BIT_CONVERSION = YES;
				GCC_WARN_ABOUT_RETURN_TYPE = YES_ERROR;
				GCC_WARN_UNDECLARED_SELECTOR = YES;
				GCC_WARN_UNINITIALIZED_AUTOS = YES_AGGRESSIVE;
				GCC_WARN_UNUSED_FUNCTION = YES;
				GCC_WARN_UNUSED_VARIABLE = YES;
				MTL_ENABLE_DEBUG_INFO = INCLUDE_SOURCE;
				MTL_FAST_MATH = YES;
				ONLY_ACTIVE_ARCH = YES;
				SWIFT_ACTIVE_COMPILATION_CONDITIONS = DEBUG;
				SWIFT_OPTIMIZATION_LEVEL = "-Onone";
			};
			name = Debug;
		};
		8B4458152B4DDBD600AF967D /* Release */ = {
			isa = XCBuildConfiguration;
			buildSettings = {
				ALWAYS_SEARCH_USER_PATHS = NO;
				CLANG_ANALYZER_NONNULL = YES;
				CLANG_ANALYZER_NUMBER_OBJECT_CONVERSION = YES_AGGRESSIVE;
				CLANG_CXX_LANGUAGE_STANDARD = "gnu++20";
				CLANG_ENABLE_MODULES = YES;
				CLANG_ENABLE_OBJC_ARC = YES;
				CLANG_ENABLE_OBJC_WEAK = YES;
				CLANG_WARN_BLOCK_CAPTURE_AUTORELEASING = YES;
				CLANG_WARN_BOOL_CONVERSION = YES;
				CLANG_WARN_COMMA = YES;
				CLANG_WARN_CONSTANT_CONVERSION = YES;
				CLANG_WARN_DEPRECATED_OBJC_IMPLEMENTATIONS = YES;
				CLANG_WARN_DIRECT_OBJC_ISA_USAGE = YES_ERROR;
				CLANG_WARN_DOCUMENTATION_COMMENTS = YES;
				CLANG_WARN_EMPTY_BODY = YES;
				CLANG_WARN_ENUM_CONVERSION = YES;
				CLANG_WARN_INFINITE_RECURSION = YES;
				CLANG_WARN_INT_CONVERSION = YES;
				CLANG_WARN_NON_LITERAL_NULL_CONVERSION = YES;
				CLANG_WARN_OBJC_IMPLICIT_RETAIN_SELF = YES;
				CLANG_WARN_OBJC_LITERAL_CONVERSION = YES;
				CLANG_WARN_OBJC_ROOT_CLASS = YES_ERROR;
				CLANG_WARN_QUOTED_INCLUDE_IN_FRAMEWORK_HEADER = YES;
				CLANG_WARN_RANGE_LOOP_ANALYSIS = YES;
				CLANG_WARN_STRICT_PROTOTYPES = YES;
				CLANG_WARN_SUSPICIOUS_MOVE = YES;
				CLANG_WARN_UNGUARDED_AVAILABILITY = YES_AGGRESSIVE;
				CLANG_WARN_UNREACHABLE_CODE = YES;
				CLANG_WARN__DUPLICATE_METHOD_MATCH = YES;
				COPY_PHASE_STRIP = NO;
				DEBUG_INFORMATION_FORMAT = "dwarf-with-dsym";
				ENABLE_NS_ASSERTIONS = NO;
				ENABLE_STRICT_OBJC_MSGSEND = YES;
				GCC_C_LANGUAGE_STANDARD = gnu11;
				GCC_NO_COMMON_BLOCKS = YES;
				GCC_WARN_64_TO_32_BIT_CONVERSION = YES;
				GCC_WARN_ABOUT_RETURN_TYPE = YES_ERROR;
				GCC_WARN_UNDECLARED_SELECTOR = YES;
				GCC_WARN_UNINITIALIZED_AUTOS = YES_AGGRESSIVE;
				GCC_WARN_UNUSED_FUNCTION = YES;
				GCC_WARN_UNUSED_VARIABLE = YES;
				MTL_ENABLE_DEBUG_INFO = NO;
				MTL_FAST_MATH = YES;
				SWIFT_COMPILATION_MODE = wholemodule;
				SWIFT_OPTIMIZATION_LEVEL = "-O";
			};
			name = Release;
		};
		8B4458172B4DDBD600AF967D /* Debug */ = {
			isa = XCBuildConfiguration;
			buildSettings = {
				ASSETCATALOG_COMPILER_APPICON_NAME = AppIcon;
				ASSETCATALOG_COMPILER_GLOBAL_ACCENT_COLOR_NAME = AccentColor;
				CODE_SIGN_ENTITLEMENTS = "First IOS Project/First_IOS_Project.entitlements";
				CODE_SIGN_STYLE = Automatic;
				CURRENT_PROJECT_VERSION = 1;
				DEVELOPMENT_ASSET_PATHS = "\"First IOS Project/Preview Content\"";
				ENABLE_PREVIEWS = YES;
				GENERATE_INFOPLIST_FILE = YES;
				"INFOPLIST_KEY_UIApplicationSceneManifest_Generation[sdk=iphoneos*]" = YES;
				"INFOPLIST_KEY_UIApplicationSceneManifest_Generation[sdk=iphonesimulator*]" = YES;
				"INFOPLIST_KEY_UIApplicationSupportsIndirectInputEvents[sdk=iphoneos*]" = YES;
				"INFOPLIST_KEY_UIApplicationSupportsIndirectInputEvents[sdk=iphonesimulator*]" = YES;
				"INFOPLIST_KEY_UILaunchScreen_Generation[sdk=iphoneos*]" = YES;
				"INFOPLIST_KEY_UILaunchScreen_Generation[sdk=iphonesimulator*]" = YES;
				"INFOPLIST_KEY_UIStatusBarStyle[sdk=iphoneos*]" = UIStatusBarStyleDefault;
				"INFOPLIST_KEY_UIStatusBarStyle[sdk=iphonesimulator*]" = UIStatusBarStyleDefault;
				INFOPLIST_KEY_UISupportedInterfaceOrientations_iPad = "UIInterfaceOrientationPortrait UIInterfaceOrientationPortraitUpsideDown UIInterfaceOrientationLandscapeLeft UIInterfaceOrientationLandscapeRight";
				INFOPLIST_KEY_UISupportedInterfaceOrientations_iPhone = "UIInterfaceOrientationPortrait UIInterfaceOrientationLandscapeLeft UIInterfaceOrientationLandscapeRight";
				IPHONEOS_DEPLOYMENT_TARGET = 16.2;
				LD_RUNPATH_SEARCH_PATHS = "@executable_path/Frameworks";
				"LD_RUNPATH_SEARCH_PATHS[sdk=macosx*]" = "@executable_path/../Frameworks";
				MACOSX_DEPLOYMENT_TARGET = 12.7;
				MARKETING_VERSION = 1.0;
				PRODUCT_BUNDLE_IDENTIFIER = "Com.conestoga-week1.First-IOS-Project";
				PRODUCT_NAME = "$(TARGET_NAME)";
				SDKROOT = auto;
				SUPPORTED_PLATFORMS = "iphoneos iphonesimulator macosx";
				SWIFT_EMIT_LOC_STRINGS = YES;
				SWIFT_VERSION = 5.0;
				TARGETED_DEVICE_FAMILY = "1,2";
			};
			name = Debug;
		};
		8B4458182B4DDBD600AF967D /* Release */ = {
			isa = XCBuildConfiguration;
			buildSettings = {
				ASSETCATALOG_COMPILER_APPICON_NAME = AppIcon;
				ASSETCATALOG_COMPILER_GLOBAL_ACCENT_COLOR_NAME = AccentColor;
				CODE_SIGN_ENTITLEMENTS = "First IOS Project/First_IOS_Project.entitlements";
				CODE_SIGN_STYLE = Automatic;
				CURRENT_PROJECT_VERSION = 1;
				DEVELOPMENT_ASSET_PATHS = "\"First IOS Project/Preview Content\"";
				ENABLE_PREVIEWS = YES;
				GENERATE_INFOPLIST_FILE = YES;
				"INFOPLIST_KEY_UIApplicationSceneManifest_Generation[sdk=iphoneos*]" = YES;
				"INFOPLIST_KEY_UIApplicationSceneManifest_Generation[sdk=iphonesimulator*]" = YES;
				"INFOPLIST_KEY_UIApplicationSupportsIndirectInputEvents[sdk=iphoneos*]" = YES;
				"INFOPLIST_KEY_UIApplicationSupportsIndirectInputEvents[sdk=iphonesimulator*]" = YES;
				"INFOPLIST_KEY_UILaunchScreen_Generation[sdk=iphoneos*]" = YES;
				"INFOPLIST_KEY_UILaunchScreen_Generation[sdk=iphonesimulator*]" = YES;
				"INFOPLIST_KEY_UIStatusBarStyle[sdk=iphoneos*]" = UIStatusBarStyleDefault;
				"INFOPLIST_KEY_UIStatusBarStyle[sdk=iphonesimulator*]" = UIStatusBarStyleDefault;
				INFOPLIST_KEY_UISupportedInterfaceOrientations_iPad = "UIInterfaceOrientationPortrait UIInterfaceOrientationPortraitUpsideDown UIInterfaceOrientationLandscapeLeft UIInterfaceOrientationLandscapeRight";
				INFOPLIST_KEY_UISupportedInterfaceOrientations_iPhone = "UIInterfaceOrientationPortrait UIInterfaceOrientationLandscapeLeft UIInterfaceOrientationLandscapeRight";
				IPHONEOS_DEPLOYMENT_TARGET = 16.2;
				LD_RUNPATH_SEARCH_PATHS = "@executable_path/Frameworks";
				"LD_RUNPATH_SEARCH_PATHS[sdk=macosx*]" = "@executable_path/../Frameworks";
				MACOSX_DEPLOYMENT_TARGET = 12.7;
				MARKETING_VERSION = 1.0;
				PRODUCT_BUNDLE_IDENTIFIER = "Com.conestoga-week1.First-IOS-Project";
				PRODUCT_NAME = "$(TARGET_NAME)";
				SDKROOT = auto;
				SUPPORTED_PLATFORMS = "iphoneos iphonesimulator macosx";
				SWIFT_EMIT_LOC_STRINGS = YES;
				SWIFT_VERSION = 5.0;
				TARGETED_DEVICE_FAMILY = "1,2";
			};
			name = Release;
		};
		8B44581A2B4DDBD600AF967D /* Debug */ = {
			isa = XCBuildConfiguration;
			buildSettings = {
				ALWAYS_EMBED_SWIFT_STANDARD_LIBRARIES = YES;
				BUNDLE_LOADER = "$(TEST_HOST)";
				CODE_SIGN_STYLE = Automatic;
				CURRENT_PROJECT_VERSION = 1;
				GENERATE_INFOPLIST_FILE = YES;
				IPHONEOS_DEPLOYMENT_TARGET = 16.2;
				MACOSX_DEPLOYMENT_TARGET = 12.7;
				MARKETING_VERSION = 1.0;
				PRODUCT_BUNDLE_IDENTIFIER = "Com.conestoga-week1.First-IOS-ProjectTests";
				PRODUCT_NAME = "$(TARGET_NAME)";
				SDKROOT = auto;
				SUPPORTED_PLATFORMS = "iphoneos iphonesimulator macosx";
				SWIFT_EMIT_LOC_STRINGS = NO;
				SWIFT_VERSION = 5.0;
				TARGETED_DEVICE_FAMILY = "1,2";
				TEST_HOST = "$(BUILT_PRODUCTS_DIR)/First IOS Project.app/$(BUNDLE_EXECUTABLE_FOLDER_PATH)/First IOS Project";
			};
			name = Debug;
		};
		8B44581B2B4DDBD600AF967D /* Release */ = {
			isa = XCBuildConfiguration;
			buildSettings = {
				ALWAYS_EMBED_SWIFT_STANDARD_LIBRARIES = YES;
				BUNDLE_LOADER = "$(TEST_HOST)";
				CODE_SIGN_STYLE = Automatic;
				CURRENT_PROJECT_VERSION = 1;
				GENERATE_INFOPLIST_FILE = YES;
				IPHONEOS_DEPLOYMENT_TARGET = 16.2;
				MACOSX_DEPLOYMENT_TARGET = 12.7;
				MARKETING_VERSION = 1.0;
				PRODUCT_BUNDLE_IDENTIFIER = "Com.conestoga-week1.First-IOS-ProjectTests";
				PRODUCT_NAME = "$(TARGET_NAME)";
				SDKROOT = auto;
				SUPPORTED_PLATFORMS = "iphoneos iphonesimulator macosx";
				SWIFT_EMIT_LOC_STRINGS = NO;
				SWIFT_VERSION = 5.0;
				TARGETED_DEVICE_FAMILY = "1,2";
				TEST_HOST = "$(BUILT_PRODUCTS_DIR)/First IOS Project.app/$(BUNDLE_EXECUTABLE_FOLDER_PATH)/First IOS Project";
			};
			name = Release;
		};
		8B44581D2B4DDBD600AF967D /* Debug */ = {
			isa = XCBuildConfiguration;
			buildSettings = {
				ALWAYS_EMBED_SWIFT_STANDARD_LIBRARIES = YES;
				CODE_SIGN_STYLE = Automatic;
				CURRENT_PROJECT_VERSION = 1;
				GENERATE_INFOPLIST_FILE = YES;
				IPHONEOS_DEPLOYMENT_TARGET = 16.2;
				MACOSX_DEPLOYMENT_TARGET = 12.7;
				MARKETING_VERSION = 1.0;
				PRODUCT_BUNDLE_IDENTIFIER = "Com.conestoga-week1.First-IOS-ProjectUITests";
				PRODUCT_NAME = "$(TARGET_NAME)";
				SDKROOT = auto;
				SUPPORTED_PLATFORMS = "iphoneos iphonesimulator macosx";
				SWIFT_EMIT_LOC_STRINGS = NO;
				SWIFT_VERSION = 5.0;
				TARGETED_DEVICE_FAMILY = "1,2";
				TEST_TARGET_NAME = "First IOS Project";
			};
			name = Debug;
		};
		8B44581E2B4DDBD600AF967D /* Release */ = {
			isa = XCBuildConfiguration;
			buildSettings = {
				ALWAYS_EMBED_SWIFT_STANDARD_LIBRARIES = YES;
				CODE_SIGN_STYLE = Automatic;
				CURRENT_PROJECT_VERSION = 1;
				GENERATE_INFOPLIST_FILE = YES;
				IPHONEOS_DEPLOYMENT_TARGET = 16.2;
				MACOSX_DEPLOYMENT_TARGET = 12.7;
				MARKETING_VERSION = 1.0;
				PRODUCT_BUNDLE_IDENTIFIER = "Com.conestoga-week1.First-IOS-ProjectUITests";
				PRODUCT_NAME = "$(TARGET_NAME)";
				SDKROOT = auto;
				SUPPORTED_PLATFORMS = "iphoneos iphonesimulator macosx";
				SWIFT_EMIT_LOC_STRINGS = NO;
				SWIFT_VERSION = 5.0;
				TARGETED_DEVICE_FAMILY = "1,2";
				TEST_TARGET_NAME = "First IOS Project";
			};
			name = Release;
		};
/* End XCBuildConfiguration section */

/* Begin XCConfigurationList section */
		8B4457EC2B4DDBD500AF967D /* Build configuration list for PBXProject "First IOS Project" */ = {
			isa = XCConfigurationList;
			buildConfigurations = (
				8B4458142B4DDBD600AF967D /* Debug */,
				8B4458152B4DDBD600AF967D /* Release */,
			);
			defaultConfigurationIsVisible = 0;
			defaultConfigurationName = Release;
		};
		8B4458162B4DDBD600AF967D /* Build configuration list for PBXNativeTarget "First IOS Project" */ = {
			isa = XCConfigurationList;
			buildConfigurations = (
				8B4458172B4DDBD600AF967D /* Debug */,
				8B4458182B4DDBD600AF967D /* Release */,
			);
			defaultConfigurationIsVisible = 0;
			defaultConfigurationName = Release;
		};
		8B4458192B4DDBD600AF967D /* Build configuration list for PBXNativeTarget "First IOS ProjectTests" */ = {
			isa = XCConfigurationList;
			buildConfigurations = (
				8B44581A2B4DDBD600AF967D /* Debug */,
				8B44581B2B4DDBD600AF967D /* Release */,
			);
			defaultConfigurationIsVisible = 0;
			defaultConfigurationName = Release;
		};
		8B44581C2B4DDBD600AF967D /* Build configuration list for PBXNativeTarget "First IOS ProjectUITests" */ = {
			isa = XCConfigurationList;
			buildConfigurations = (
				8B44581D2B4DDBD600AF967D /* Debug */,
				8B44581E2B4DDBD600AF967D /* Release */,
			);
			defaultConfigurationIsVisible = 0;
			defaultConfigurationName = Release;
		};
/* End XCConfigurationList section */
	};
	rootObject = 8B4457E92B4DDBD500AF967D /* Project object */;
}
